
Microsoft Visual Studio Solution File, Format Version 12.00
# Visual Studio Version 17
VisualStudioVersion = 17.6.33829.357
MinimumVisualStudioVersion = 10.0.40219.1
Project("{FAE04EC0-301F-11D3-BF4B-00C04F79EFBC}") = "Astnchrony-Multithreading_WPFApp", "Astnchrony-Multithreading_WPFApp\Astnchrony-Multithreading_WPFApp.csproj", "{654EC77B-B782-4A5F-92A0-87230D70C22F}"
EndProject
Global
	GlobalSection(SolutionConfigurationPlatforms) = preSolution
		Debug|Any CPU = Debug|Any CPU
		Release|Any CPU = Release|Any CPU
	EndGlobalSection
	GlobalSection(ProjectConfigurationPlatforms) = postSolution
		{654EC77B-B782-4A5F-92A0-87230D70C22F}.Debug|Any CPU.ActiveCfg = Debug|Any CPU
		{654EC77B-B782-4A5F-92A0-87230D70C22F}.Debug|Any CPU.Build.0 = Debug|Any CPU
		{654EC77B-B782-4A5F-92A0-87230D70C22F}.Release|Any CPU.ActiveCfg = Release|Any CPU
		{654EC77B-B782-4A5F-92A0-87230D70C22F}.Release|Any CPU.Build.0 = Release|Any CPU
	EndGlobalSection
	GlobalSection(SolutionProperties) = preSolution
		HideSolutionNode = FALSE
	EndGlobalSection
	GlobalSection(ExtensibilityGlobals) = postSolution
		SolutionGuid = {5FE0CFCA-DD62-4C5A-820A-CDFF41435BA9}
	EndGlobalSection
EndGlobal
